
Microsoft Visual Studio Solution File, Format Version 12.00
# Visual Studio Version 16
VisualStudioVersion = 16.0.30711.63
MinimumVisualStudioVersion = 10.0.40219.1
Project("{FAE04EC0-301F-11D3-BF4B-00C04F79EFBC}") = "Fusion", "Fusion\Fusion.csproj", "{7723B0AE-4A40-469E-8E99-5062705A62FD}"
EndProject
Project("{FAE04EC0-301F-11D3-BF4B-00C04F79EFBC}") = "Fusion.TerminalApplication", "Fusion.TerminalApplication\Fusion.TerminalApplication.csproj", "{FB82EE92-BB23-40BA-B54D-12E8B032A881}"
EndProject
Global
	GlobalSection(SolutionConfigurationPlatforms) = preSolution
		Debug|Any CPU = Debug|Any CPU
		Release|Any CPU = Release|Any CPU
	EndGlobalSection
	GlobalSection(ProjectConfigurationPlatforms) = postSolution
		{7723B0AE-4A40-469E-8E99-5062705A62FD}.Debug|Any CPU.ActiveCfg = Debug|Any CPU
		{7723B0AE-4A40-469E-8E99-5062705A62FD}.Debug|Any CPU.Build.0 = Debug|Any CPU
		{7723B0AE-4A40-469E-8E99-5062705A62FD}.Release|Any CPU.ActiveCfg = Release|Any CPU
		{7723B0AE-4A40-469E-8E99-5062705A62FD}.Release|Any CPU.Build.0 = Release|Any CPU
		{FB82EE92-BB23-40BA-B54D-12E8B032A881}.Debug|Any CPU.ActiveCfg = Debug|Any CPU
		{FB82EE92-BB23-40BA-B54D-12E8B032A881}.Debug|Any CPU.Build.0 = Debug|Any CPU
		{FB82EE92-BB23-40BA-B54D-12E8B032A881}.Release|Any CPU.ActiveCfg = Release|Any CPU
		{FB82EE92-BB23-40BA-B54D-12E8B032A881}.Release|Any CPU.Build.0 = Release|Any CPU
	EndGlobalSection
	GlobalSection(SolutionProperties) = preSolution
		HideSolutionNode = FALSE
	EndGlobalSection
	GlobalSection(ExtensibilityGlobals) = postSolution
		SolutionGuid = {DD6E38E0-2CBF-44DF-A9B5-B16093EFDF7C}
	EndGlobalSection
EndGlobal
